
Microsoft Visual Studio Solution File, Format Version 12.00
# Visual Studio Version 16
VisualStudioVersion = 16.0.30517.126
MinimumVisualStudioVersion = 10.0.40219.1
Project("{FAE04EC0-301F-11D3-BF4B-00C04F79EFBC}") = "DopunskaEventsVezba", "DopunskaEventsVezba.csproj", "{D41CA89D-C92A-4D1C-B0B7-D7A5E6523A6B}"
EndProject
Global
	GlobalSection(SolutionConfigurationPlatforms) = preSolution
		Debug|Any CPU = Debug|Any CPU
		Release|Any CPU = Release|Any CPU
	EndGlobalSection
	GlobalSection(ProjectConfigurationPlatforms) = postSolution
		{D41CA89D-C92A-4D1C-B0B7-D7A5E6523A6B}.Debug|Any CPU.ActiveCfg = Debug|Any CPU
		{D41CA89D-C92A-4D1C-B0B7-D7A5E6523A6B}.Debug|Any CPU.Build.0 = Debug|Any CPU
		{D41CA89D-C92A-4D1C-B0B7-D7A5E6523A6B}.Release|Any CPU.ActiveCfg = Release|Any CPU
		{D41CA89D-C92A-4D1C-B0B7-D7A5E6523A6B}.Release|Any CPU.Build.0 = Release|Any CPU
	EndGlobalSection
	GlobalSection(SolutionProperties) = preSolution
		HideSolutionNode = FALSE
	EndGlobalSection
	GlobalSection(ExtensibilityGlobals) = postSolution
		SolutionGuid = {626C3CE3-1880-455A-89DA-2F79E87CE114}
	EndGlobalSection
EndGlobal
